
Microsoft Visual Studio Solution File, Format Version 12.00
# Visual Studio Version 16
VisualStudioVersion = 16.0.29613.14
MinimumVisualStudioVersion = 10.0.40219.1
Project("{2150E333-8FDC-42A3-9474-1A3956D46DE8}") = "src", "src", "{C33F1002-61C9-4BF6-B3DC-CE6138FF97AB}"
EndProject
Project("{9A19103F-16F7-4668-BE54-9A1E7A4F7556}") = "ExperiencePad.Wpf", "src\ExperiencePad.Wpf\ExperiencePad.Wpf.csproj", "{13913804-0F71-475F-8795-CD36C4BAB152}"
EndProject
Project("{9A19103F-16F7-4668-BE54-9A1E7A4F7556}") = "ExperiencePad.Sandbox", "src\ExperiencePad.Sandbox\ExperiencePad.Sandbox.csproj", "{9A403F14-1A92-46EE-B5BB-B7C44976C152}"
EndProject
Global
	GlobalSection(SolutionConfigurationPlatforms) = preSolution
		Debug|Any CPU = Debug|Any CPU
		Release|Any CPU = Release|Any CPU
	EndGlobalSection
	GlobalSection(ProjectConfigurationPlatforms) = postSolution
		{13913804-0F71-475F-8795-CD36C4BAB152}.Debug|Any CPU.ActiveCfg = Debug|Any CPU
		{13913804-0F71-475F-8795-CD36C4BAB152}.Debug|Any CPU.Build.0 = Debug|Any CPU
		{13913804-0F71-475F-8795-CD36C4BAB152}.Release|Any CPU.ActiveCfg = Release|Any CPU
		{13913804-0F71-475F-8795-CD36C4BAB152}.Release|Any CPU.Build.0 = Release|Any CPU
		{9A403F14-1A92-46EE-B5BB-B7C44976C152}.Debug|Any CPU.ActiveCfg = Debug|Any CPU
		{9A403F14-1A92-46EE-B5BB-B7C44976C152}.Debug|Any CPU.Build.0 = Debug|Any CPU
		{9A403F14-1A92-46EE-B5BB-B7C44976C152}.Release|Any CPU.ActiveCfg = Release|Any CPU
		{9A403F14-1A92-46EE-B5BB-B7C44976C152}.Release|Any CPU.Build.0 = Release|Any CPU
	EndGlobalSection
	GlobalSection(SolutionProperties) = preSolution
		HideSolutionNode = FALSE
	EndGlobalSection
	GlobalSection(NestedProjects) = preSolution
		{13913804-0F71-475F-8795-CD36C4BAB152} = {C33F1002-61C9-4BF6-B3DC-CE6138FF97AB}
		{9A403F14-1A92-46EE-B5BB-B7C44976C152} = {C33F1002-61C9-4BF6-B3DC-CE6138FF97AB}
	EndGlobalSection
	GlobalSection(ExtensibilityGlobals) = postSolution
		SolutionGuid = {EE88E7DF-CE2F-4BEE-9D9B-1DCDA27A1BA8}
	EndGlobalSection
EndGlobal
